
Microsoft Visual Studio Solution File, Format Version 12.00
# Visual Studio 15
Project("{FAE04EC0-301F-11D3-BF4B-00C04F79EFBC}") = "Test3", "Test3\Test3.csproj", "{A9B120E2-4436-43F9-910D-6686DCC7EFBC}"
EndProject
Global
	GlobalSection(SolutionConfigurationPlatforms) = preSolution
		Debug|Any CPU = Debug|Any CPU
		Release|Any CPU = Release|Any CPU
	EndGlobalSection
	GlobalSection(ProjectConfigurationPlatforms) = postSolution
		{A9B120E2-4436-43F9-910D-6686DCC7EFBC}.Debug|Any CPU.ActiveCfg = Debug|Any CPU
		{A9B120E2-4436-43F9-910D-6686DCC7EFBC}.Debug|Any CPU.Build.0 = Debug|Any CPU
		{A9B120E2-4436-43F9-910D-6686DCC7EFBC}.Release|Any CPU.ActiveCfg = Release|Any CPU
		{A9B120E2-4436-43F9-910D-6686DCC7EFBC}.Release|Any CPU.Build.0 = Release|Any CPU
	EndGlobalSection
EndGlobal
